{
  "name": "tmparser",
  "lockfileVersion": 2,
  "requires": true,
  "packages": {
    "": {
      "devDependencies": {
        "peggy": "^1.2.0",
        "prettier": "^2.5.1",
        "prettier-plugin-pegjs": "^0.5.0"
      }
    },
    "node_modules/peggy": {
      "version": "1.2.0",
      "resolved": "https://registry.npmjs.org/peggy/-/peggy-1.2.0.tgz",
      "integrity": "sha512-PQ+NKpAobImfMprYQtc4Egmyi29bidRGEX0kKjCU5uuW09s0Cthwqhfy7mLkwcB4VcgacE5L/ZjruD/kOPCUUw==",
      "dev": true,
      "bin": {
        "peggy": "bin/peggy"
      },
      "engines": {
        "node": ">=10"
      }
    },
    "node_modules/prettier": {
      "version": "2.5.1",
      "resolved": "https://registry.npmjs.org/prettier/-/prettier-2.5.1.tgz",
      "integrity": "sha512-vBZcPRUR5MZJwoyi3ZoyQlc1rXeEck8KgeC9AwwOn+exuxLxq5toTRDTSaVrXHxelDMHy9zlicw8u66yxoSUFg==",
      "dev": true,
      "bin": {
        "prettier": "bin-prettier.js"
      },
      "engines": {
        "node": ">=10.13.0"
      }
    },
    "node_modules/prettier-plugin-pegjs": {
      "version": "0.5.0",
      "resolved": "https://registry.npmjs.org/prettier-plugin-pegjs/-/prettier-plugin-pegjs-0.5.0.tgz",
      "integrity": "sha512-AepnyF08JxiQy+XzSpS5z/m3yd9YtQchygwjG/JtZBF+1se7B49moX2gjaAzyv9Ds6IsxRV/oxwfcWJvtePmaA==",
      "dev": true,
      "dependencies": {
        "prettier": "^2.5.1"
      },
      "engines": {
        "node": ">= 8.0"
      }
    }
  },
  "dependencies": {
    "peggy": {
      "version": "1.2.0",
      "resolved": "https://registry.npmjs.org/peggy/-/peggy-1.2.0.tgz",
      "integrity": "sha512-PQ+NKpAobImfMprYQtc4Egmyi29bidRGEX0kKjCU5uuW09s0Cthwqhfy7mLkwcB4VcgacE5L/ZjruD/kOPCUUw==",
      "dev": true
    },
    "prettier": {
      "version": "2.5.1",
      "resolved": "https://registry.npmjs.org/prettier/-/prettier-2.5.1.tgz",
      "integrity": "sha512-vBZcPRUR5MZJwoyi3ZoyQlc1rXeEck8KgeC9AwwOn+exuxLxq5toTRDTSaVrXHxelDMHy9zlicw8u66yxoSUFg==",
      "dev": true
    },
    "prettier-plugin-pegjs": {
      "version": "0.5.0",
      "resolved": "https://registry.npmjs.org/prettier-plugin-pegjs/-/prettier-plugin-pegjs-0.5.0.tgz",
      "integrity": "sha512-AepnyF08JxiQy+XzSpS5z/m3yd9YtQchygwjG/JtZBF+1se7B49moX2gjaAzyv9Ds6IsxRV/oxwfcWJvtePmaA==",
      "dev": true,
      "requires": {
        "prettier": "^2.5.1"
      }
    }
  }
}
