{
  "name": "tmparser",
  "lockfileVersion": 2,
  "requires": true,
  "packages": {
    "": {
      "devDependencies": {
        "peggy": "^1.2.0"
      }
    },
    "node_modules/peggy": {
      "version": "1.2.0",
      "resolved": "https://registry.npmjs.org/peggy/-/peggy-1.2.0.tgz",
      "integrity": "sha512-PQ+NKpAobImfMprYQtc4Egmyi29bidRGEX0kKjCU5uuW09s0Cthwqhfy7mLkwcB4VcgacE5L/ZjruD/kOPCUUw==",
      "dev": true,
      "bin": {
        "peggy": "bin/peggy"
      },
      "engines": {
        "node": ">=10"
      }
    }
  },
  "dependencies": {
    "peggy": {
      "version": "1.2.0",
      "resolved": "https://registry.npmjs.org/peggy/-/peggy-1.2.0.tgz",
      "integrity": "sha512-PQ+NKpAobImfMprYQtc4Egmyi29bidRGEX0kKjCU5uuW09s0Cthwqhfy7mLkwcB4VcgacE5L/ZjruD/kOPCUUw==",
      "dev": true
    }
  }
}
